// !$*UTF8*$!
{
	archiveVersion = 1;
	classes = {
	};
	objectVersion = 46;
	objects = {

/* Begin PBXBuildFile section */
		4CFE648E3BD0A3179D9C342A /* libPods-SimpleCodeTests.a in Frameworks */ = {isa = PBXBuildFile; fileRef = 459B82DAD30684919A86A761 /* libPods-SimpleCodeTests.a */; };
		83A93C751D06B90300C96D28 /* main.m in Sources */ = {isa = PBXBuildFile; fileRef = 83A93C741D06B90300C96D28 /* main.m */; };
		83A93C781D06B90300C96D28 /* AppDelegate.m in Sources */ = {isa = PBXBuildFile; fileRef = 83A93C771D06B90300C96D28 /* AppDelegate.m */; };
		83A93C7B1D06B90300C96D28 /* ViewController.m in Sources */ = {isa = PBXBuildFile; fileRef = 83A93C7A1D06B90300C96D28 /* ViewController.m */; };
		83A93C7E1D06B90300C96D28 /* Main.storyboard in Resources */ = {isa = PBXBuildFile; fileRef = 83A93C7C1D06B90300C96D28 /* Main.storyboard */; };
		83A93C801D06B90300C96D28 /* Assets.xcassets in Resources */ = {isa = PBXBuildFile; fileRef = 83A93C7F1D06B90300C96D28 /* Assets.xcassets */; };
		83A93C831D06B90300C96D28 /* LaunchScreen.storyboard in Resources */ = {isa = PBXBuildFile; fileRef = 83A93C811D06B90300C96D28 /* LaunchScreen.storyboard */; };
		83A93C8E1D06B90300C96D28 /* SimpleCodeTests.m in Sources */ = {isa = PBXBuildFile; fileRef = 83A93C8D1D06B90300C96D28 /* SimpleCodeTests.m */; };
/* End PBXBuildFile section */

/* Begin PBXContainerItemProxy section */
		83A93C8A1D06B90300C96D28 /* PBXContainerItemProxy */ = {
			isa = PBXContainerItemProxy;
			containerPortal = 83A93C681D06B90200C96D28 /* Project object */;
			proxyType = 1;
			remoteGlobalIDString = 83A93C6F1D06B90300C96D28;
			remoteInfo = SimpleCode;
		};
/* End PBXContainerItemProxy section */

/* Begin PBXFileReference section */
		459B82DAD30684919A86A761 /* libPods-SimpleCodeTests.a */ = {isa = PBXFileReference; explicitFileType = archive.ar; includeInIndex = 0; path = "libPods-SimpleCodeTests.a"; sourceTree = BUILT_PRODUCTS_DIR; };
		68D20079ABC08DAD971A007E /* Pods-SimpleCodeTests.release.xcconfig */ = {isa = PBXFileReference; includeInIndex = 1; lastKnownFileType = text.xcconfig; name = "Pods-SimpleCodeTests.release.xcconfig"; path = "Pods/Target Support Files/Pods-SimpleCodeTests/Pods-SimpleCodeTests.release.xcconfig"; sourceTree = "<group>"; };
		83A93C701D06B90300C96D28 /* SimpleCode.app */ = {isa = PBXFileReference; explicitFileType = wrapper.application; includeInIndex = 0; path = SimpleCode.app; sourceTree = BUILT_PRODUCTS_DIR; };
		83A93C741D06B90300C96D28 /* main.m */ = {isa = PBXFileReference; lastKnownFileType = sourcecode.c.objc; path = main.m; sourceTree = "<group>"; };
		83A93C761D06B90300C96D28 /* AppDelegate.h */ = {isa = PBXFileReference; lastKnownFileType = sourcecode.c.h; path = AppDelegate.h; sourceTree = "<group>"; };
		83A93C771D06B90300C96D28 /* AppDelegate.m */ = {isa = PBXFileReference; lastKnownFileType = sourcecode.c.objc; path = AppDelegate.m; sourceTree = "<group>"; };
		83A93C791D06B90300C96D28 /* ViewController.h */ = {isa = PBXFileReference; lastKnownFileType = sourcecode.c.h; path = ViewController.h; sourceTree = "<group>"; };
		83A93C7A1D06B90300C96D28 /* ViewController.m */ = {isa = PBXFileReference; lastKnownFileType = sourcecode.c.objc; path = ViewController.m; sourceTree = "<group>"; };
		83A93C7D1D06B90300C96D28 /* Base */ = {isa = PBXFileReference; lastKnownFileType = file.storyboard; name = Base; path = Base.lproj/Main.storyboard; sourceTree = "<group>"; };
		83A93C7F1D06B90300C96D28 /* Assets.xcassets */ = {isa = PBXFileReference; lastKnownFileType = folder.assetcatalog; path = Assets.xcassets; sourceTree = "<group>"; };
		83A93C821D06B90300C96D28 /* Base */ = {isa = PBXFileReference; lastKnownFileType = file.storyboard; name = Base; path = Base.lproj/LaunchScreen.storyboard; sourceTree = "<group>"; };
		83A93C841D06B90300C96D28 /* Info.plist */ = {isa = PBXFileReference; lastKnownFileType = text.plist.xml; path = Info.plist; sourceTree = "<group>"; };
		83A93C891D06B90300C96D28 /* SimpleCodeTests.xctest */ = {isa = PBXFileReference; explicitFileType = wrapper.cfbundle; includeInIndex = 0; path = SimpleCodeTests.xctest; sourceTree = BUILT_PRODUCTS_DIR; };
		83A93C8D1D06B90300C96D28 /* SimpleCodeTests.m */ = {isa = PBXFileReference; lastKnownFileType = sourcecode.c.objc; path = SimpleCodeTests.m; sourceTree = "<group>"; };
		83A93C8F1D06B90300C96D28 /* Info.plist */ = {isa = PBXFileReference; lastKnownFileType = text.plist.xml; path = Info.plist; sourceTree = "<group>"; };
		AFEE9B3BC427CDCFE4925B85 /* Pods-SimpleCodeTests.debug.xcconfig */ = {isa = PBXFileReference; includeInIndex = 1; lastKnownFileType = text.xcconfig; name = "Pods-SimpleCodeTests.debug.xcconfig"; path = "Pods/Target Support Files/Pods-SimpleCodeTests/Pods-SimpleCodeTests.debug.xcconfig"; sourceTree = "<group>"; };
/* End PBXFileReference section */

/* Begin PBXFrameworksBuildPhase section */
		83A93C6D1D06B90300C96D28 /* Frameworks */ = {
			isa = PBXFrameworksBuildPhase;
			buildActionMask = 2147483647;
			files = (
			);
			runOnlyForDeploymentPostprocessing = 0;
		};
		83A93C861D06B90300C96D28 /* Frameworks */ = {
			isa = PBXFrameworksBuildPhase;
			buildActionMask = 2147483647;
			files = (
				4CFE648E3BD0A3179D9C342A /* libPods-SimpleCodeTests.a in Frameworks */,
			);
			runOnlyForDeploymentPostprocessing = 0;
		};
/* End PBXFrameworksBuildPhase section */

/* Begin PBXGroup section */
		232253FCA822C0B71F708989 /* Pods */ = {
			isa = PBXGroup;
			children = (
				AFEE9B3BC427CDCFE4925B85 /* Pods-SimpleCodeTests.debug.xcconfig */,
				68D20079ABC08DAD971A007E /* Pods-SimpleCodeTests.release.xcconfig */,
			);
			name = Pods;
			sourceTree = "<group>";
		};
		3E389FEFD4137FE6D739A8E3 /* Frameworks */ = {
			isa = PBXGroup;
			children = (
				459B82DAD30684919A86A761 /* libPods-SimpleCodeTests.a */,
			);
			name = Frameworks;
			sourceTree = "<group>";
		};
		83A93C671D06B90200C96D28 = {
			isa = PBXGroup;
			children = (
				83A93C721D06B90300C96D28 /* SimpleCode */,
				83A93C8C1D06B90300C96D28 /* SimpleCodeTests */,
				83A93C711D06B90300C96D28 /* Products */,
				232253FCA822C0B71F708989 /* Pods */,
				3E389FEFD4137FE6D739A8E3 /* Frameworks */,
			);
			sourceTree = "<group>";
		};
		83A93C711D06B90300C96D28 /* Products */ = {
			isa = PBXGroup;
			children = (
				83A93C701D06B90300C96D28 /* SimpleCode.app */,
				83A93C891D06B90300C96D28 /* SimpleCodeTests.xctest */,
			);
			name = Products;
			sourceTree = "<group>";
		};
		83A93C721D06B90300C96D28 /* SimpleCode */ = {
			isa = PBXGroup;
			children = (
				83A93C761D06B90300C96D28 /* AppDelegate.h */,
				83A93C771D06B90300C96D28 /* AppDelegate.m */,
				83A93C791D06B90300C96D28 /* ViewController.h */,
				83A93C7A1D06B90300C96D28 /* ViewController.m */,
				83A93C7C1D06B90300C96D28 /* Main.storyboard */,
				83A93C7F1D06B90300C96D28 /* Assets.xcassets */,
				83A93C811D06B90300C96D28 /* LaunchScreen.storyboard */,
				83A93C841D06B90300C96D28 /* Info.plist */,
				83A93C731D06B90300C96D28 /* Supporting Files */,
			);
			path = SimpleCode;
			sourceTree = "<group>";
		};
		83A93C731D06B90300C96D28 /* Supporting Files */ = {
			isa = PBXGroup;
			children = (
				83A93C741D06B90300C96D28 /* main.m */,
			);
			name = "Supporting Files";
			sourceTree = "<group>";
		};
		83A93C8C1D06B90300C96D28 /* SimpleCodeTests */ = {
			isa = PBXGroup;
			children = (
				83A93C8D1D06B90300C96D28 /* SimpleCodeTests.m */,
				83A93C8F1D06B90300C96D28 /* Info.plist */,
			);
			path = SimpleCodeTests;
			sourceTree = "<group>";
		};
/* End PBXGroup section */

/* Begin PBXNativeTarget section */
		83A93C6F1D06B90300C96D28 /* SimpleCode */ = {
			isa = PBXNativeTarget;
			buildConfigurationList = 83A93C921D06B90300C96D28 /* Build configuration list for PBXNativeTarget "SimpleCode" */;
			buildPhases = (
				83A93C6C1D06B90300C96D28 /* Sources */,
				83A93C6D1D06B90300C96D28 /* Frameworks */,
				83A93C6E1D06B90300C96D28 /* Resources */,
			);
			buildRules = (
			);
			dependencies = (
			);
			name = SimpleCode;
			productName = SimpleCode;
			productReference = 83A93C701D06B90300C96D28 /* SimpleCode.app */;
			productType = "com.apple.product-type.application";
		};
		83A93C881D06B90300C96D28 /* SimpleCodeTests */ = {
			isa = PBXNativeTarget;
			buildConfigurationList = 83A93C951D06B90300C96D28 /* Build configuration list for PBXNativeTarget "SimpleCodeTests" */;
			buildPhases = (
				07222A79E98280B4654DC33E /* 📦 Check Pods Manifest.lock */,
				83A93C851D06B90300C96D28 /* Sources */,
				83A93C861D06B90300C96D28 /* Frameworks */,
				83A93C871D06B90300C96D28 /* Resources */,
				C668ED317994706ACD53086B /* 📦 Embed Pods Frameworks */,
				1E1C123F12BB23714374B67C /* 📦 Copy Pods Resources */,
			);
			buildRules = (
			);
			dependencies = (
				83A93C8B1D06B90300C96D28 /* PBXTargetDependency */,
			);
			name = SimpleCodeTests;
			productName = SimpleCodeTests;
			productReference = 83A93C891D06B90300C96D28 /* SimpleCodeTests.xctest */;
			productType = "com.apple.product-type.bundle.unit-test";
		};
/* End PBXNativeTarget section */

/* Begin PBXProject section */
		83A93C681D06B90200C96D28 /* Project object */ = {
			isa = PBXProject;
			attributes = {
				LastUpgradeCheck = 0730;
				ORGANIZATIONNAME = LeanCloud;
				TargetAttributes = {
					83A93C6F1D06B90300C96D28 = {
						CreatedOnToolsVersion = 7.3;
					};
					83A93C881D06B90300C96D28 = {
						CreatedOnToolsVersion = 7.3;
						TestTargetID = 83A93C6F1D06B90300C96D28;
					};
				};
			};
			buildConfigurationList = 83A93C6B1D06B90200C96D28 /* Build configuration list for PBXProject "SimpleCode" */;
			compatibilityVersion = "Xcode 3.2";
			developmentRegion = English;
			hasScannedForEncodings = 0;
			knownRegions = (
				en,
				Base,
			);
			mainGroup = 83A93C671D06B90200C96D28;
			productRefGroup = 83A93C711D06B90300C96D28 /* Products */;
			projectDirPath = "";
			projectRoot = "";
			targets = (
				83A93C6F1D06B90300C96D28 /* SimpleCode */,
				83A93C881D06B90300C96D28 /* SimpleCodeTests */,
			);
		};
/* End PBXProject section */

/* Begin PBXResourcesBuildPhase section */
		83A93C6E1D06B90300C96D28 /* Resources */ = {
			isa = PBXResourcesBuildPhase;
			buildActionMask = 2147483647;
			files = (
				83A93C831D06B90300C96D28 /* LaunchScreen.storyboard in Resources */,
				83A93C801D06B90300C96D28 /* Assets.xcassets in Resources */,
				83A93C7E1D06B90300C96D28 /* Main.storyboard in Resources */,
			);
			runOnlyForDeploymentPostprocessing = 0;
		};
		83A93C871D06B90300C96D28 /* Resources */ = {
			isa = PBXResourcesBuildPhase;
			buildActionMask = 2147483647;
			files = (
			);
			runOnlyForDeploymentPostprocessing = 0;
		};
/* End PBXResourcesBuildPhase section */

/* Begin PBXShellScriptBuildPhase section */
		07222A79E98280B4654DC33E /* 📦 Check Pods Manifest.lock */ = {
			isa = PBXShellScriptBuildPhase;
			buildActionMask = 2147483647;
			files = (
			);
			inputPaths = (
			);
			name = "📦 Check Pods Manifest.lock";
			outputPaths = (
			);
			runOnlyForDeploymentPostprocessing = 0;
			shellPath = /bin/sh;
			shellScript = "diff \"${PODS_ROOT}/../Podfile.lock\" \"${PODS_ROOT}/Manifest.lock\" > /dev/null\nif [[ $? != 0 ]] ; then\n    cat << EOM\nerror: The sandbox is not in sync with the Podfile.lock. Run 'pod install' or update your CocoaPods installation.\nEOM\n    exit 1\nfi\n";
			showEnvVarsInLog = 0;
		};
		1E1C123F12BB23714374B67C /* 📦 Copy Pods Resources */ = {
			isa = PBXShellScriptBuildPhase;
			buildActionMask = 2147483647;
			files = (
			);
			inputPaths = (
			);
			name = "📦 Copy Pods Resources";
			outputPaths = (
			);
			runOnlyForDeploymentPostprocessing = 0;
			shellPath = /bin/sh;
			shellScript = "\"${SRCROOT}/Pods/Target Support Files/Pods-SimpleCodeTests/Pods-SimpleCodeTests-resources.sh\"\n";
			showEnvVarsInLog = 0;
		};
		C668ED317994706ACD53086B /* 📦 Embed Pods Frameworks */ = {
			isa = PBXShellScriptBuildPhase;
			buildActionMask = 2147483647;
			files = (
			);
			inputPaths = (
			);
			name = "📦 Embed Pods Frameworks";
			outputPaths = (
			);
			runOnlyForDeploymentPostprocessing = 0;
			shellPath = /bin/sh;
			shellScript = "\"${SRCROOT}/Pods/Target Support Files/Pods-SimpleCodeTests/Pods-SimpleCodeTests-frameworks.sh\"\n";
			showEnvVarsInLog = 0;
		};
/* End PBXShellScriptBuildPhase section */

/* Begin PBXSourcesBuildPhase section */
		83A93C6C1D06B90300C96D28 /* Sources */ = {
			isa = PBXSourcesBuildPhase;
			buildActionMask = 2147483647;
			files = (
				83A93C7B1D06B90300C96D28 /* ViewController.m in Sources */,
				83A93C781D06B90300C96D28 /* AppDelegate.m in Sources */,
				83A93C751D06B90300C96D28 /* main.m in Sources */,
			);
			runOnlyForDeploymentPostprocessing = 0;
		};
		83A93C851D06B90300C96D28 /* Sources */ = {
			isa = PBXSourcesBuildPhase;
			buildActionMask = 2147483647;
			files = (
				83A93C8E1D06B90300C96D28 /* SimpleCodeTests.m in Sources */,
			);
			runOnlyForDeploymentPostprocessing = 0;
		};
/* End PBXSourcesBuildPhase section */

/* Begin PBXTargetDependency section */
		83A93C8B1D06B90300C96D28 /* PBXTargetDependency */ = {
			isa = PBXTargetDependency;
			target = 83A93C6F1D06B90300C96D28 /* SimpleCode */;
			targetProxy = 83A93C8A1D06B90300C96D28 /* PBXContainerItemProxy */;
		};
/* End PBXTargetDependency section */

/* Begin PBXVariantGroup section */
		83A93C7C1D06B90300C96D28 /* Main.storyboard */ = {
			isa = PBXVariantGroup;
			children = (
				83A93C7D1D06B90300C96D28 /* Base */,
			);
			name = Main.storyboard;
			sourceTree = "<group>";
		};
		83A93C811D06B90300C96D28 /* LaunchScreen.storyboard */ = {
			isa = PBXVariantGroup;
			children = (
				83A93C821D06B90300C96D28 /* Base */,
			);
			name = LaunchScreen.storyboard;
			sourceTree = "<group>";
		};
/* End PBXVariantGroup section */

/* Begin XCBuildConfiguration section */
		83A93C901D06B90300C96D28 /* Debug */ = {
			isa = XCBuildConfiguration;
			buildSettings = {
				ALWAYS_SEARCH_USER_PATHS = NO;
				CLANG_ANALYZER_NONNULL = YES;
				CLANG_CXX_LANGUAGE_STANDARD = "gnu++0x";
				CLANG_CXX_LIBRARY = "libc++";
				CLANG_ENABLE_MODULES = YES;
				CLANG_ENABLE_OBJC_ARC = YES;
				CLANG_WARN_BOOL_CONVERSION = YES;
				CLANG_WARN_CONSTANT_CONVERSION = YES;
				CLANG_WARN_DIRECT_OBJC_ISA_USAGE = YES_ERROR;
				CLANG_WARN_EMPTY_BODY = YES;
				CLANG_WARN_ENUM_CONVERSION = YES;
				CLANG_WARN_INT_CONVERSION = YES;
				CLANG_WARN_OBJC_ROOT_CLASS = YES_ERROR;
				CLANG_WARN_UNREACHABLE_CODE = YES;
				CLANG_WARN__DUPLICATE_METHOD_MATCH = YES;
				"CODE_SIGN_IDENTITY[sdk=iphoneos*]" = "iPhone Developer";
				COPY_PHASE_STRIP = NO;
				DEBUG_INFORMATION_FORMAT = dwarf;
				ENABLE_STRICT_OBJC_MSGSEND = YES;
				ENABLE_TESTABILITY = YES;
				GCC_C_LANGUAGE_STANDARD = gnu99;
				GCC_DYNAMIC_NO_PIC = NO;
				GCC_NO_COMMON_BLOCKS = YES;
				GCC_OPTIMIZATION_LEVEL = 0;
				GCC_PREPROCESSOR_DEFINITIONS = (
					"DEBUG=1",
					"$(inherited)",
				);
				GCC_WARN_64_TO_32_BIT_CONVERSION = YES;
				GCC_WARN_ABOUT_RETURN_TYPE = YES_ERROR;
				GCC_WARN_UNDECLARED_SELECTOR = YES;
				GCC_WARN_UNINITIALIZED_AUTOS = YES_AGGRESSIVE;
				GCC_WARN_UNUSED_FUNCTION = YES;
				GCC_WARN_UNUSED_VARIABLE = YES;
				IPHONEOS_DEPLOYMENT_TARGET = 9.3;
				MTL_ENABLE_DEBUG_INFO = YES;
				ONLY_ACTIVE_ARCH = YES;
				SDKROOT = iphoneos;
				TARGETED_DEVICE_FAMILY = "1,2";
			};
			name = Debug;
		};
		83A93C911D06B90300C96D28 /* Release */ = {
			isa = XCBuildConfiguration;
			buildSettings = {
				ALWAYS_SEARCH_USER_PATHS = NO;
				CLANG_ANALYZER_NONNULL = YES;
				CLANG_CXX_LANGUAGE_STANDARD = "gnu++0x";
				CLANG_CXX_LIBRARY = "libc++";
				CLANG_ENABLE_MODULES = YES;
				CLANG_ENABLE_OBJC_ARC = YES;
				CLANG_WARN_BOOL_CONVERSION = YES;
				CLANG_WARN_CONSTANT_CONVERSION = YES;
				CLANG_WARN_DIRECT_OBJC_ISA_USAGE = YES_ERROR;
				CLANG_WARN_EMPTY_BODY = YES;
				CLANG_WARN_ENUM_CONVERSION = YES;
				CLANG_WARN_INT_CONVERSION = YES;
				CLANG_WARN_OBJC_ROOT_CLASS = YES_ERROR;
				CLANG_WARN_UNREACHABLE_CODE = YES;
				CLANG_WARN__DUPLICATE_METHOD_MATCH = YES;
				"CODE_SIGN_IDENTITY[sdk=iphoneos*]" = "iPhone Developer";
				COPY_PHASE_STRIP = NO;
				DEBUG_INFORMATION_FORMAT = "dwarf-with-dsym";
				ENABLE_NS_ASSERTIONS = NO;
				ENABLE_STRICT_OBJC_MSGSEND = YES;
				GCC_C_LANGUAGE_STANDARD = gnu99;
				GCC_NO_COMMON_BLOCKS = YES;
				GCC_WARN_64_TO_32_BIT_CONVERSION = YES;
				GCC_WARN_ABOUT_RETURN_TYPE = YES_ERROR;
				GCC_WARN_UNDECLARED_SELECTOR = YES;
				GCC_WARN_UNINITIALIZED_AUTOS = YES_AGGRESSIVE;
				GCC_WARN_UNUSED_FUNCTION = YES;
				GCC_WARN_UNUSED_VARIABLE = YES;
				IPHONEOS_DEPLOYMENT_TARGET = 9.3;
				MTL_ENABLE_DEBUG_INFO = NO;
				SDKROOT = iphoneos;
				TARGETED_DEVICE_FAMILY = "1,2";
				VALIDATE_PRODUCT = YES;
			};
			name = Release;
		};
		83A93C931D06B90300C96D28 /* Debug */ = {
			isa = XCBuildConfiguration;
			buildSettings = {
				ASSETCATALOG_COMPILER_APPICON_NAME = AppIcon;
				INFOPLIST_FILE = SimpleCode/Info.plist;
				LD_RUNPATH_SEARCH_PATHS = "$(inherited) @executable_path/Frameworks";
				PRODUCT_BUNDLE_IDENTIFIER = cn.leancloud.SimpleCode;
				PRODUCT_NAME = "$(TARGET_NAME)";
			};
			name = Debug;
		};
		83A93C941D06B90300C96D28 /* Release */ = {
			isa = XCBuildConfiguration;
			buildSettings = {
				ASSETCATALOG_COMPILER_APPICON_NAME = AppIcon;
				INFOPLIST_FILE = SimpleCode/Info.plist;
				LD_RUNPATH_SEARCH_PATHS = "$(inherited) @executable_path/Frameworks";
				PRODUCT_BUNDLE_IDENTIFIER = cn.leancloud.SimpleCode;
				PRODUCT_NAME = "$(TARGET_NAME)";
			};
			name = Release;
		};
		83A93C961D06B90300C96D28 /* Debug */ = {
			isa = XCBuildConfiguration;
			baseConfigurationReference = AFEE9B3BC427CDCFE4925B85 /* Pods-SimpleCodeTests.debug.xcconfig */;
			buildSettings = {
				BUNDLE_LOADER = "$(TEST_HOST)";
				INFOPLIST_FILE = SimpleCodeTests/Info.plist;
				IPHONEOS_DEPLOYMENT_TARGET = 7.0;
				LD_RUNPATH_SEARCH_PATHS = "$(inherited) @executable_path/Frameworks @loader_path/Frameworks";
				PRODUCT_BUNDLE_IDENTIFIER = cn.leancloud.SimpleCodeTests;
				PRODUCT_NAME = "$(TARGET_NAME)";
				TEST_HOST = "$(BUILT_PRODUCTS_DIR)/SimpleCode.app/SimpleCode";
			};
			name = Debug;
		};
		83A93C971D06B90300C96D28 /* Release */ = {
			isa = XCBuildConfiguration;
			baseConfigurationReference = 68D20079ABC08DAD971A007E /* Pods-SimpleCodeTests.release.xcconfig */;
			buildSettings = {
				BUNDLE_LOADER = "$(TEST_HOST)";
				INFOPLIST_FILE = SimpleCodeTests/Info.plist;
				IPHONEOS_DEPLOYMENT_TARGET = 7.0;
				LD_RUNPATH_SEARCH_PATHS = "$(inherited) @executable_path/Frameworks @loader_path/Frameworks";
				PRODUCT_BUNDLE_IDENTIFIER = cn.leancloud.SimpleCodeTests;
				PRODUCT_NAME = "$(TARGET_NAME)";
				TEST_HOST = "$(BUILT_PRODUCTS_DIR)/SimpleCode.app/SimpleCode";
			};
			name = Release;
		};
/* End XCBuildConfiguration section */

/* Begin XCConfigurationList section */
		83A93C6B1D06B90200C96D28 /* Build configuration list for PBXProject "SimpleCode" */ = {
			isa = XCConfigurationList;
			buildConfigurations = (
				83A93C901D06B90300C96D28 /* Debug */,
				83A93C911D06B90300C96D28 /* Release */,
			);
			defaultConfigurationIsVisible = 0;
			defaultConfigurationName = Release;
		};
		83A93C921D06B90300C96D28 /* Build configuration list for PBXNativeTarget "SimpleCode" */ = {
			isa = XCConfigurationList;
			buildConfigurations = (
				83A93C931D06B90300C96D28 /* Debug */,
				83A93C941D06B90300C96D28 /* Release */,
			);
			defaultConfigurationIsVisible = 0;
			defaultConfigurationName = Release;
		};
		83A93C951D06B90300C96D28 /* Build configuration list for PBXNativeTarget "SimpleCodeTests" */ = {
			isa = XCConfigurationList;
			buildConfigurations = (
				83A93C961D06B90300C96D28 /* Debug */,
				83A93C971D06B90300C96D28 /* Release */,
			);
			defaultConfigurationIsVisible = 0;
			defaultConfigurationName = Release;
		};
/* End XCConfigurationList section */
	};
	rootObject = 83A93C681D06B90200C96D28 /* Project object */;
}
